
Microsoft Visual Studio Solution File, Format Version 12.00
# Visual Studio 14
VisualStudioVersion = 14.0.25420.1
MinimumVisualStudioVersion = 10.0.40219.1
Project("{FAE04EC0-301F-11D3-BF4B-00C04F79EFBC}") = "Csharp", "Csharp\Csharp.csproj", "{5535E87D-02C3-463F-A262-ADA8279A5B46}"
EndProject
Project("{F2A71F9B-5D33-465A-A702-920D77279786}") = "Fsharp", "Fsharp\Fsharp.fsproj", "{158C01C7-D321-45F7-B630-1C8945FB1D11}"
EndProject
Global
	GlobalSection(SolutionConfigurationPlatforms) = preSolution
		Debug|Any CPU = Debug|Any CPU
		Release|Any CPU = Release|Any CPU
	EndGlobalSection
	GlobalSection(ProjectConfigurationPlatforms) = postSolution
		{5535E87D-02C3-463F-A262-ADA8279A5B46}.Debug|Any CPU.ActiveCfg = Debug|Any CPU
		{5535E87D-02C3-463F-A262-ADA8279A5B46}.Debug|Any CPU.Build.0 = Debug|Any CPU
		{5535E87D-02C3-463F-A262-ADA8279A5B46}.Release|Any CPU.ActiveCfg = Release|Any CPU
		{5535E87D-02C3-463F-A262-ADA8279A5B46}.Release|Any CPU.Build.0 = Release|Any CPU
		{158C01C7-D321-45F7-B630-1C8945FB1D11}.Debug|Any CPU.ActiveCfg = Debug|Any CPU
		{158C01C7-D321-45F7-B630-1C8945FB1D11}.Debug|Any CPU.Build.0 = Debug|Any CPU
		{158C01C7-D321-45F7-B630-1C8945FB1D11}.Release|Any CPU.ActiveCfg = Release|Any CPU
		{158C01C7-D321-45F7-B630-1C8945FB1D11}.Release|Any CPU.Build.0 = Release|Any CPU
	EndGlobalSection
	GlobalSection(SolutionProperties) = preSolution
		HideSolutionNode = FALSE
	EndGlobalSection
EndGlobal
